
Microsoft Visual Studio Solution File, Format Version 12.00
# Visual Studio 2013
VisualStudioVersion = 12.0.31101.0
MinimumVisualStudioVersion = 10.0.40219.1
Project("{FAE04EC0-301F-11D3-BF4B-00C04F79EFBC}") = "test", "test\test.csproj", "{A9DDEABD-66F3-48B5-9F6E-4035774E5608}"
EndProject
Project("{FAE04EC0-301F-11D3-BF4B-00C04F79EFBC}") = "src", "src\src.csproj", "{F92B304F-C947-49B4-9A64-84A784BD2748}"
EndProject
Global
	GlobalSection(SolutionConfigurationPlatforms) = preSolution
		Debug|Any CPU = Debug|Any CPU
		Release|Any CPU = Release|Any CPU
	EndGlobalSection
	GlobalSection(ProjectConfigurationPlatforms) = postSolution
		{A9DDEABD-66F3-48B5-9F6E-4035774E5608}.Debug|Any CPU.ActiveCfg = Debug|Any CPU
		{A9DDEABD-66F3-48B5-9F6E-4035774E5608}.Debug|Any CPU.Build.0 = Debug|Any CPU
		{A9DDEABD-66F3-48B5-9F6E-4035774E5608}.Release|Any CPU.ActiveCfg = Release|Any CPU
		{A9DDEABD-66F3-48B5-9F6E-4035774E5608}.Release|Any CPU.Build.0 = Release|Any CPU
		{F92B304F-C947-49B4-9A64-84A784BD2748}.Debug|Any CPU.ActiveCfg = Debug|Any CPU
		{F92B304F-C947-49B4-9A64-84A784BD2748}.Debug|Any CPU.Build.0 = Debug|Any CPU
		{F92B304F-C947-49B4-9A64-84A784BD2748}.Release|Any CPU.ActiveCfg = Release|Any CPU
		{F92B304F-C947-49B4-9A64-84A784BD2748}.Release|Any CPU.Build.0 = Release|Any CPU
	EndGlobalSection
	GlobalSection(SolutionProperties) = preSolution
		HideSolutionNode = FALSE
	EndGlobalSection
EndGlobal
